// !$*UTF8*$!
{
	archiveVersion = 1;
	classes = {
	};
	objectVersion = 51;
	objects = {

/* Begin PBXBuildFile section */
		3737760A2A85DA95000F4551 /* BaseCallApi.swift in Sources */ = {isa = PBXBuildFile; fileRef = 373776092A85DA95000F4551 /* BaseCallApi.swift */; };
		373776102A85E7F1000F4551 /* MainViewModel.swift in Sources */ = {isa = PBXBuildFile; fileRef = 3737760F2A85E7F1000F4551 /* MainViewModel.swift */; };
		373776122A85EA6B000F4551 /* DependencyContainer.swift in Sources */ = {isa = PBXBuildFile; fileRef = 373776112A85EA6B000F4551 /* DependencyContainer.swift */; };
		373776142A861830000F4551 /* MainViewController.swift in Sources */ = {isa = PBXBuildFile; fileRef = 373776132A861830000F4551 /* MainViewController.swift */; };
		373D96432A8633B4009C1F53 /* PetTableCell.swift in Sources */ = {isa = PBXBuildFile; fileRef = 373D96412A8633B4009C1F53 /* PetTableCell.swift */; };
		373D96442A8633B4009C1F53 /* PetTableCell.xib in Resources */ = {isa = PBXBuildFile; fileRef = 373D96422A8633B4009C1F53 /* PetTableCell.xib */; };
		373D96482A864081009C1F53 /* DetailPetViewController.swift in Sources */ = {isa = PBXBuildFile; fileRef = 373D96462A864081009C1F53 /* DetailPetViewController.swift */; };
		373D96492A864081009C1F53 /* DetailPetViewController.xib in Resources */ = {isa = PBXBuildFile; fileRef = 373D96472A864081009C1F53 /* DetailPetViewController.xib */; };
		373D964D2A8644F4009C1F53 /* AddPetViewController.swift in Sources */ = {isa = PBXBuildFile; fileRef = 373D964B2A8644F4009C1F53 /* AddPetViewController.swift */; };
		373D964E2A8644F4009C1F53 /* AddPetViewController.xib in Resources */ = {isa = PBXBuildFile; fileRef = 373D964C2A8644F4009C1F53 /* AddPetViewController.xib */; };
		373D96532A89C263009C1F53 /* LoginViewController.swift in Sources */ = {isa = PBXBuildFile; fileRef = 373D96512A89C263009C1F53 /* LoginViewController.swift */; };
		373D96542A89C263009C1F53 /* LoginViewController.xib in Resources */ = {isa = PBXBuildFile; fileRef = 373D96522A89C263009C1F53 /* LoginViewController.xib */; };
		373D96562A89C3FF009C1F53 /* LoginViewModel.swift in Sources */ = {isa = PBXBuildFile; fileRef = 373D96552A89C3FF009C1F53 /* LoginViewModel.swift */; };
		373D96582A89C83E009C1F53 /* LoginEntity.swift in Sources */ = {isa = PBXBuildFile; fileRef = 373D96572A89C83E009C1F53 /* LoginEntity.swift */; };
		3775361422234238005EE5FE /* AppDelegate.swift in Sources */ = {isa = PBXBuildFile; fileRef = 3775361322234238005EE5FE /* AppDelegate.swift */; };
		3775361922234238005EE5FE /* Main.storyboard in Resources */ = {isa = PBXBuildFile; fileRef = 3775361722234238005EE5FE /* Main.storyboard */; };
		3775361B22234238005EE5FE /* Assets.xcassets in Resources */ = {isa = PBXBuildFile; fileRef = 3775361A22234238005EE5FE /* Assets.xcassets */; };
		3775361E22234238005EE5FE /* LaunchScreen.storyboard in Resources */ = {isa = PBXBuildFile; fileRef = 3775361C22234238005EE5FE /* LaunchScreen.storyboard */; };
		3775362922234238005EE5FE /* iOSTemplateTests.swift in Sources */ = {isa = PBXBuildFile; fileRef = 3775362822234238005EE5FE /* iOSTemplateTests.swift */; };
		3775363422234239005EE5FE /* iOSTemplateUITests.swift in Sources */ = {isa = PBXBuildFile; fileRef = 3775363322234239005EE5FE /* iOSTemplateUITests.swift */; };
		378ADA122A8A1D95003D4E8C /* AppConstant.swift in Sources */ = {isa = PBXBuildFile; fileRef = 378ADA112A8A1D95003D4E8C /* AppConstant.swift */; };
		378ADA142A8A212D003D4E8C /* PostEntity.swift in Sources */ = {isa = PBXBuildFile; fileRef = 378ADA132A8A212D003D4E8C /* PostEntity.swift */; };
		378ADA162A8A2481003D4E8C /* AppError.swift in Sources */ = {isa = PBXBuildFile; fileRef = 378ADA152A8A2481003D4E8C /* AppError.swift */; };
		37EB35942A8B7A31000753E8 /* ListPostViewController.swift in Sources */ = {isa = PBXBuildFile; fileRef = 37EB35922A8B7A31000753E8 /* ListPostViewController.swift */; };
		37EB35952A8B7A31000753E8 /* ListPostViewController.xib in Resources */ = {isa = PBXBuildFile; fileRef = 37EB35932A8B7A31000753E8 /* ListPostViewController.xib */; };
		37EB35982A8B8503000753E8 /* PagingItemView.swift in Sources */ = {isa = PBXBuildFile; fileRef = 37EB35972A8B8503000753E8 /* PagingItemView.swift */; };
		37EB359C2A8B855E000753E8 /* PagingItemView.xib in Resources */ = {isa = PBXBuildFile; fileRef = 37EB359B2A8B855E000753E8 /* PagingItemView.xib */; };
		6B14BACEDBAA9FDA1AE1102A /* Pods_iOSTemplate.framework in Frameworks */ = {isa = PBXBuildFile; fileRef = 87165C2602D40E31B3875E2F /* Pods_iOSTemplate.framework */; };
		AA1EDD39C6D8EC4AE808B49F /* Pods_iOSTemplate_iOSTemplateUITests.framework in Frameworks */ = {isa = PBXBuildFile; fileRef = 67E9BBCAA42E9698E56EF415 /* Pods_iOSTemplate_iOSTemplateUITests.framework */; };
		B01E686B2A8B94FD007D48DE /* UIView+Extension.swift in Sources */ = {isa = PBXBuildFile; fileRef = B01E686A2A8B94FD007D48DE /* UIView+Extension.swift */; };
		B01E686D2A8B9C58007D48DE /* UIApplication+Extension.swift in Sources */ = {isa = PBXBuildFile; fileRef = B01E686C2A8B9C58007D48DE /* UIApplication+Extension.swift */; };
		B01E686F2A8BA67F007D48DE /* UIViewController+Extension.swift in Sources */ = {isa = PBXBuildFile; fileRef = B01E686E2A8BA67F007D48DE /* UIViewController+Extension.swift */; };
		B0D87BD62A8A796500292F07 /* BaseViewModal.swift in Sources */ = {isa = PBXBuildFile; fileRef = B0D87BD52A8A796500292F07 /* BaseViewModal.swift */; };
		B0D87BD92A8A955C00292F07 /* BaseViewController.swift in Sources */ = {isa = PBXBuildFile; fileRef = B0D87BD82A8A955C00292F07 /* BaseViewController.swift */; };
		BCD22AB50259DBBAF28D3425 /* Pods_iOSTemplateTests.framework in Frameworks */ = {isa = PBXBuildFile; fileRef = EE064B1BF79334C2DF83E2FE /* Pods_iOSTemplateTests.framework */; };
/* End PBXBuildFile section */

/* Begin PBXContainerItemProxy section */
		3775362522234238005EE5FE /* PBXContainerItemProxy */ = {
			isa = PBXContainerItemProxy;
			containerPortal = 3775360822234238005EE5FE /* Project object */;
			proxyType = 1;
			remoteGlobalIDString = 3775360F22234238005EE5FE;
			remoteInfo = iOSTemplate;
		};
		3775363022234239005EE5FE /* PBXContainerItemProxy */ = {
			isa = PBXContainerItemProxy;
			containerPortal = 3775360822234238005EE5FE /* Project object */;
			proxyType = 1;
			remoteGlobalIDString = 3775360F22234238005EE5FE;
			remoteInfo = iOSTemplate;
		};
/* End PBXContainerItemProxy section */

/* Begin PBXFileReference section */
		373776092A85DA95000F4551 /* BaseCallApi.swift */ = {isa = PBXFileReference; lastKnownFileType = sourcecode.swift; path = BaseCallApi.swift; sourceTree = "<group>"; };
		3737760F2A85E7F1000F4551 /* MainViewModel.swift */ = {isa = PBXFileReference; lastKnownFileType = sourcecode.swift; path = MainViewModel.swift; sourceTree = "<group>"; };
		373776112A85EA6B000F4551 /* DependencyContainer.swift */ = {isa = PBXFileReference; lastKnownFileType = sourcecode.swift; path = DependencyContainer.swift; sourceTree = "<group>"; };
		373776132A861830000F4551 /* MainViewController.swift */ = {isa = PBXFileReference; lastKnownFileType = sourcecode.swift; path = MainViewController.swift; sourceTree = "<group>"; };
		373D96412A8633B4009C1F53 /* PetTableCell.swift */ = {isa = PBXFileReference; lastKnownFileType = sourcecode.swift; path = PetTableCell.swift; sourceTree = "<group>"; };
		373D96422A8633B4009C1F53 /* PetTableCell.xib */ = {isa = PBXFileReference; lastKnownFileType = file.xib; path = PetTableCell.xib; sourceTree = "<group>"; };
		373D96462A864081009C1F53 /* DetailPetViewController.swift */ = {isa = PBXFileReference; lastKnownFileType = sourcecode.swift; path = DetailPetViewController.swift; sourceTree = "<group>"; };
		373D96472A864081009C1F53 /* DetailPetViewController.xib */ = {isa = PBXFileReference; lastKnownFileType = file.xib; path = DetailPetViewController.xib; sourceTree = "<group>"; };
		373D964B2A8644F4009C1F53 /* AddPetViewController.swift */ = {isa = PBXFileReference; lastKnownFileType = sourcecode.swift; path = AddPetViewController.swift; sourceTree = "<group>"; };
		373D964C2A8644F4009C1F53 /* AddPetViewController.xib */ = {isa = PBXFileReference; lastKnownFileType = file.xib; path = AddPetViewController.xib; sourceTree = "<group>"; };
		373D96512A89C263009C1F53 /* LoginViewController.swift */ = {isa = PBXFileReference; lastKnownFileType = sourcecode.swift; path = LoginViewController.swift; sourceTree = "<group>"; };
		373D96522A89C263009C1F53 /* LoginViewController.xib */ = {isa = PBXFileReference; lastKnownFileType = file.xib; path = LoginViewController.xib; sourceTree = "<group>"; };
		373D96552A89C3FF009C1F53 /* LoginViewModel.swift */ = {isa = PBXFileReference; lastKnownFileType = sourcecode.swift; path = LoginViewModel.swift; sourceTree = "<group>"; };
		373D96572A89C83E009C1F53 /* LoginEntity.swift */ = {isa = PBXFileReference; lastKnownFileType = sourcecode.swift; path = LoginEntity.swift; sourceTree = "<group>"; };
		3775361022234238005EE5FE /* iOSTemplate.app */ = {isa = PBXFileReference; explicitFileType = wrapper.application; includeInIndex = 0; path = iOSTemplate.app; sourceTree = BUILT_PRODUCTS_DIR; };
		3775361322234238005EE5FE /* AppDelegate.swift */ = {isa = PBXFileReference; lastKnownFileType = sourcecode.swift; path = AppDelegate.swift; sourceTree = "<group>"; };
		3775361822234238005EE5FE /* Base */ = {isa = PBXFileReference; lastKnownFileType = file.storyboard; name = Base; path = Base.lproj/Main.storyboard; sourceTree = "<group>"; };
		3775361A22234238005EE5FE /* Assets.xcassets */ = {isa = PBXFileReference; lastKnownFileType = folder.assetcatalog; path = Assets.xcassets; sourceTree = "<group>"; };
		3775361D22234238005EE5FE /* Base */ = {isa = PBXFileReference; lastKnownFileType = file.storyboard; name = Base; path = Base.lproj/LaunchScreen.storyboard; sourceTree = "<group>"; };
		3775361F22234238005EE5FE /* Info.plist */ = {isa = PBXFileReference; lastKnownFileType = text.plist.xml; path = Info.plist; sourceTree = "<group>"; };
		3775362422234238005EE5FE /* iOSTemplateTests.xctest */ = {isa = PBXFileReference; explicitFileType = wrapper.cfbundle; includeInIndex = 0; path = iOSTemplateTests.xctest; sourceTree = BUILT_PRODUCTS_DIR; };
		3775362822234238005EE5FE /* iOSTemplateTests.swift */ = {isa = PBXFileReference; lastKnownFileType = sourcecode.swift; path = iOSTemplateTests.swift; sourceTree = "<group>"; };
		3775362A22234238005EE5FE /* Info.plist */ = {isa = PBXFileReference; lastKnownFileType = text.plist.xml; path = Info.plist; sourceTree = "<group>"; };
		3775362F22234239005EE5FE /* iOSTemplateUITests.xctest */ = {isa = PBXFileReference; explicitFileType = wrapper.cfbundle; includeInIndex = 0; path = iOSTemplateUITests.xctest; sourceTree = BUILT_PRODUCTS_DIR; };
		3775363322234239005EE5FE /* iOSTemplateUITests.swift */ = {isa = PBXFileReference; lastKnownFileType = sourcecode.swift; path = iOSTemplateUITests.swift; sourceTree = "<group>"; };
		3775363522234239005EE5FE /* Info.plist */ = {isa = PBXFileReference; lastKnownFileType = text.plist.xml; path = Info.plist; sourceTree = "<group>"; };
		378ADA112A8A1D95003D4E8C /* AppConstant.swift */ = {isa = PBXFileReference; lastKnownFileType = sourcecode.swift; path = AppConstant.swift; sourceTree = "<group>"; };
		378ADA132A8A212D003D4E8C /* PostEntity.swift */ = {isa = PBXFileReference; lastKnownFileType = sourcecode.swift; path = PostEntity.swift; sourceTree = "<group>"; };
		378ADA152A8A2481003D4E8C /* AppError.swift */ = {isa = PBXFileReference; lastKnownFileType = sourcecode.swift; path = AppError.swift; sourceTree = "<group>"; };
		37EB35922A8B7A31000753E8 /* ListPostViewController.swift */ = {isa = PBXFileReference; lastKnownFileType = sourcecode.swift; path = ListPostViewController.swift; sourceTree = "<group>"; };
		37EB35932A8B7A31000753E8 /* ListPostViewController.xib */ = {isa = PBXFileReference; lastKnownFileType = file.xib; path = ListPostViewController.xib; sourceTree = "<group>"; };
		37EB35972A8B8503000753E8 /* PagingItemView.swift */ = {isa = PBXFileReference; lastKnownFileType = sourcecode.swift; path = PagingItemView.swift; sourceTree = "<group>"; };
		37EB359B2A8B855E000753E8 /* PagingItemView.xib */ = {isa = PBXFileReference; lastKnownFileType = file.xib; path = PagingItemView.xib; sourceTree = "<group>"; };
		3BB9BA8AA6FD2CF287D885D6 /* Pods-iOSTemplateTests.debug.xcconfig */ = {isa = PBXFileReference; includeInIndex = 1; lastKnownFileType = text.xcconfig; name = "Pods-iOSTemplateTests.debug.xcconfig"; path = "Target Support Files/Pods-iOSTemplateTests/Pods-iOSTemplateTests.debug.xcconfig"; sourceTree = "<group>"; };
		4B5B7AEF7C35EAC8E4D0AAD4 /* Pods-iOSTemplate-iOSTemplateUITests.release.xcconfig */ = {isa = PBXFileReference; includeInIndex = 1; lastKnownFileType = text.xcconfig; name = "Pods-iOSTemplate-iOSTemplateUITests.release.xcconfig"; path = "Target Support Files/Pods-iOSTemplate-iOSTemplateUITests/Pods-iOSTemplate-iOSTemplateUITests.release.xcconfig"; sourceTree = "<group>"; };
		5BBBBFA2E962A6A2052A5799 /* Pods-iOSTemplateTests.release.xcconfig */ = {isa = PBXFileReference; includeInIndex = 1; lastKnownFileType = text.xcconfig; name = "Pods-iOSTemplateTests.release.xcconfig"; path = "Target Support Files/Pods-iOSTemplateTests/Pods-iOSTemplateTests.release.xcconfig"; sourceTree = "<group>"; };
		67E9BBCAA42E9698E56EF415 /* Pods_iOSTemplate_iOSTemplateUITests.framework */ = {isa = PBXFileReference; explicitFileType = wrapper.framework; includeInIndex = 0; path = Pods_iOSTemplate_iOSTemplateUITests.framework; sourceTree = BUILT_PRODUCTS_DIR; };
		87165C2602D40E31B3875E2F /* Pods_iOSTemplate.framework */ = {isa = PBXFileReference; explicitFileType = wrapper.framework; includeInIndex = 0; path = Pods_iOSTemplate.framework; sourceTree = BUILT_PRODUCTS_DIR; };
		B01E686A2A8B94FD007D48DE /* UIView+Extension.swift */ = {isa = PBXFileReference; lastKnownFileType = sourcecode.swift; path = "UIView+Extension.swift"; sourceTree = "<group>"; };
		B01E686C2A8B9C58007D48DE /* UIApplication+Extension.swift */ = {isa = PBXFileReference; lastKnownFileType = sourcecode.swift; path = "UIApplication+Extension.swift"; sourceTree = "<group>"; };
		B01E686E2A8BA67F007D48DE /* UIViewController+Extension.swift */ = {isa = PBXFileReference; lastKnownFileType = sourcecode.swift; path = "UIViewController+Extension.swift"; sourceTree = "<group>"; };
		B0D87BD52A8A796500292F07 /* BaseViewModal.swift */ = {isa = PBXFileReference; lastKnownFileType = sourcecode.swift; path = BaseViewModal.swift; sourceTree = "<group>"; };
		B0D87BD82A8A955C00292F07 /* BaseViewController.swift */ = {isa = PBXFileReference; lastKnownFileType = sourcecode.swift; path = BaseViewController.swift; sourceTree = "<group>"; };
		D7EE53F22720E99B577B5FD2 /* Pods-iOSTemplate.release.xcconfig */ = {isa = PBXFileReference; includeInIndex = 1; lastKnownFileType = text.xcconfig; name = "Pods-iOSTemplate.release.xcconfig"; path = "Target Support Files/Pods-iOSTemplate/Pods-iOSTemplate.release.xcconfig"; sourceTree = "<group>"; };
		D8A701869D2A95FC8E6AB1E7 /* Pods-iOSTemplate.debug.xcconfig */ = {isa = PBXFileReference; includeInIndex = 1; lastKnownFileType = text.xcconfig; name = "Pods-iOSTemplate.debug.xcconfig"; path = "Target Support Files/Pods-iOSTemplate/Pods-iOSTemplate.debug.xcconfig"; sourceTree = "<group>"; };
		E76CF926D693F603B04AA645 /* Pods-iOSTemplate-iOSTemplateUITests.debug.xcconfig */ = {isa = PBXFileReference; includeInIndex = 1; lastKnownFileType = text.xcconfig; name = "Pods-iOSTemplate-iOSTemplateUITests.debug.xcconfig"; path = "Target Support Files/Pods-iOSTemplate-iOSTemplateUITests/Pods-iOSTemplate-iOSTemplateUITests.debug.xcconfig"; sourceTree = "<group>"; };
		EE064B1BF79334C2DF83E2FE /* Pods_iOSTemplateTests.framework */ = {isa = PBXFileReference; explicitFileType = wrapper.framework; includeInIndex = 0; path = Pods_iOSTemplateTests.framework; sourceTree = BUILT_PRODUCTS_DIR; };
/* End PBXFileReference section */

/* Begin PBXFrameworksBuildPhase section */
		3775360D22234238005EE5FE /* Frameworks */ = {
			isa = PBXFrameworksBuildPhase;
			buildActionMask = 2147483647;
			files = (
				6B14BACEDBAA9FDA1AE1102A /* Pods_iOSTemplate.framework in Frameworks */,
			);
			runOnlyForDeploymentPostprocessing = 0;
		};
		3775362122234238005EE5FE /* Frameworks */ = {
			isa = PBXFrameworksBuildPhase;
			buildActionMask = 2147483647;
			files = (
				BCD22AB50259DBBAF28D3425 /* Pods_iOSTemplateTests.framework in Frameworks */,
			);
			runOnlyForDeploymentPostprocessing = 0;
		};
		3775362C22234239005EE5FE /* Frameworks */ = {
			isa = PBXFrameworksBuildPhase;
			buildActionMask = 2147483647;
			files = (
				AA1EDD39C6D8EC4AE808B49F /* Pods_iOSTemplate_iOSTemplateUITests.framework in Frameworks */,
			);
			runOnlyForDeploymentPostprocessing = 0;
		};
/* End PBXFrameworksBuildPhase section */

/* Begin PBXGroup section */
		328D9154E448CDBA8620CB77 /* Frameworks */ = {
			isa = PBXGroup;
			children = (
				87165C2602D40E31B3875E2F /* Pods_iOSTemplate.framework */,
				67E9BBCAA42E9698E56EF415 /* Pods_iOSTemplate_iOSTemplateUITests.framework */,
				EE064B1BF79334C2DF83E2FE /* Pods_iOSTemplateTests.framework */,
			);
			name = Frameworks;
			sourceTree = "<group>";
		};
		373776082A85D9E2000F4551 /* Sevices */ = {
			isa = PBXGroup;
			children = (
				373776092A85DA95000F4551 /* BaseCallApi.swift */,
			);
			path = Sevices;
			sourceTree = "<group>";
		};
		3737760B2A85E716000F4551 /* Entity */ = {
			isa = PBXGroup;
			children = (
				373D96572A89C83E009C1F53 /* LoginEntity.swift */,
				378ADA132A8A212D003D4E8C /* PostEntity.swift */,
			);
			path = Entity;
			sourceTree = "<group>";
		};
		3737760E2A85E7C8000F4551 /* ViewModel */ = {
			isa = PBXGroup;
			children = (
				3737760F2A85E7F1000F4551 /* MainViewModel.swift */,
				373D96552A89C3FF009C1F53 /* LoginViewModel.swift */,
				B0D87BD52A8A796500292F07 /* BaseViewModal.swift */,
			);
			path = ViewModel;
			sourceTree = "<group>";
		};
		373D963C2A863373009C1F53 /* View */ = {
			isa = PBXGroup;
			children = (
				373D96412A8633B4009C1F53 /* PetTableCell.swift */,
				373D96422A8633B4009C1F53 /* PetTableCell.xib */,
			);
			path = View;
			sourceTree = "<group>";
		};
		373D96452A864054009C1F53 /* ViewController */ = {
			isa = PBXGroup;
			children = (
				37EB358F2A8B79EE000753E8 /* ListPostViewController */,
				B0D87BD72A8A954600292F07 /* Base */,
				B0D87BD42A8A703800292F07 /* MainViewController */,
				373D96502A89C248009C1F53 /* LoginViewController */,
				373D964F2A8644FC009C1F53 /* AddPetViewcontroller */,
				373D964A2A8644AF009C1F53 /* DetailPetController */,
				373D963C2A863373009C1F53 /* View */,
			);
			path = ViewController;
			sourceTree = "<group>";
		};
		373D964A2A8644AF009C1F53 /* DetailPetController */ = {
			isa = PBXGroup;
			children = (
				373D96462A864081009C1F53 /* DetailPetViewController.swift */,
				373D96472A864081009C1F53 /* DetailPetViewController.xib */,
			);
			path = DetailPetController;
			sourceTree = "<group>";
		};
		373D964F2A8644FC009C1F53 /* AddPetViewcontroller */ = {
			isa = PBXGroup;
			children = (
				373D964B2A8644F4009C1F53 /* AddPetViewController.swift */,
				373D964C2A8644F4009C1F53 /* AddPetViewController.xib */,
			);
			path = AddPetViewcontroller;
			sourceTree = "<group>";
		};
		373D96502A89C248009C1F53 /* LoginViewController */ = {
			isa = PBXGroup;
			children = (
				373D96512A89C263009C1F53 /* LoginViewController.swift */,
				373D96522A89C263009C1F53 /* LoginViewController.xib */,
			);
			path = LoginViewController;
			sourceTree = "<group>";
		};
		3775360722234238005EE5FE = {
			isa = PBXGroup;
			children = (
				3775361222234238005EE5FE /* iOSTemplate */,
				3775362722234238005EE5FE /* iOSTemplateTests */,
				3775363222234239005EE5FE /* iOSTemplateUITests */,
				3775361122234238005EE5FE /* Products */,
				6858D40D0FFC4645377ECF43 /* Pods */,
				328D9154E448CDBA8620CB77 /* Frameworks */,
			);
			sourceTree = "<group>";
		};
		3775361122234238005EE5FE /* Products */ = {
			isa = PBXGroup;
			children = (
				3775361022234238005EE5FE /* iOSTemplate.app */,
				3775362422234238005EE5FE /* iOSTemplateTests.xctest */,
				3775362F22234239005EE5FE /* iOSTemplateUITests.xctest */,
			);
			name = Products;
			sourceTree = "<group>";
		};
		3775361222234238005EE5FE /* iOSTemplate */ = {
			isa = PBXGroup;
			children = (
				B01E68692A8B94E0007D48DE /* Extension */,
				378ADA102A8A1D7C003D4E8C /* Constant */,
				373D96452A864054009C1F53 /* ViewController */,
				3737760E2A85E7C8000F4551 /* ViewModel */,
				3737760B2A85E716000F4551 /* Entity */,
				373776082A85D9E2000F4551 /* Sevices */,
				3775361322234238005EE5FE /* AppDelegate.swift */,
				3775361C22234238005EE5FE /* LaunchScreen.storyboard */,
				373776112A85EA6B000F4551 /* DependencyContainer.swift */,
				3775361A22234238005EE5FE /* Assets.xcassets */,
				3775361F22234238005EE5FE /* Info.plist */,
			);
			path = iOSTemplate;
			sourceTree = "<group>";
		};
		3775362722234238005EE5FE /* iOSTemplateTests */ = {
			isa = PBXGroup;
			children = (
				3775362822234238005EE5FE /* iOSTemplateTests.swift */,
				3775362A22234238005EE5FE /* Info.plist */,
			);
			path = iOSTemplateTests;
			sourceTree = "<group>";
		};
		3775363222234239005EE5FE /* iOSTemplateUITests */ = {
			isa = PBXGroup;
			children = (
				3775363322234239005EE5FE /* iOSTemplateUITests.swift */,
				3775363522234239005EE5FE /* Info.plist */,
			);
			path = iOSTemplateUITests;
			sourceTree = "<group>";
		};
		378ADA102A8A1D7C003D4E8C /* Constant */ = {
			isa = PBXGroup;
			children = (
				378ADA112A8A1D95003D4E8C /* AppConstant.swift */,
				378ADA152A8A2481003D4E8C /* AppError.swift */,
			);
			path = Constant;
			sourceTree = "<group>";
		};
		37EB358F2A8B79EE000753E8 /* ListPostViewController */ = {
			isa = PBXGroup;
			children = (
				37EB35922A8B7A31000753E8 /* ListPostViewController.swift */,
				37EB35932A8B7A31000753E8 /* ListPostViewController.xib */,
			);
			path = ListPostViewController;
			sourceTree = "<group>";
		};
		37EB35962A8B7CEE000753E8 /* PagingView */ = {
			isa = PBXGroup;
			children = (
				37EB35972A8B8503000753E8 /* PagingItemView.swift */,
				37EB359B2A8B855E000753E8 /* PagingItemView.xib */,
			);
			path = PagingView;
			sourceTree = "<group>";
		};
		6858D40D0FFC4645377ECF43 /* Pods */ = {
			isa = PBXGroup;
			children = (
				D8A701869D2A95FC8E6AB1E7 /* Pods-iOSTemplate.debug.xcconfig */,
				D7EE53F22720E99B577B5FD2 /* Pods-iOSTemplate.release.xcconfig */,
				E76CF926D693F603B04AA645 /* Pods-iOSTemplate-iOSTemplateUITests.debug.xcconfig */,
				4B5B7AEF7C35EAC8E4D0AAD4 /* Pods-iOSTemplate-iOSTemplateUITests.release.xcconfig */,
				3BB9BA8AA6FD2CF287D885D6 /* Pods-iOSTemplateTests.debug.xcconfig */,
				5BBBBFA2E962A6A2052A5799 /* Pods-iOSTemplateTests.release.xcconfig */,
			);
			path = Pods;
			sourceTree = "<group>";
		};
		B01E68692A8B94E0007D48DE /* Extension */ = {
			isa = PBXGroup;
			children = (
				B01E686A2A8B94FD007D48DE /* UIView+Extension.swift */,
				B01E686C2A8B9C58007D48DE /* UIApplication+Extension.swift */,
				B01E686E2A8BA67F007D48DE /* UIViewController+Extension.swift */,
			);
			path = Extension;
			sourceTree = "<group>";
		};
		B0D87BD42A8A703800292F07 /* MainViewController */ = {
			isa = PBXGroup;
			children = (
				37EB35962A8B7CEE000753E8 /* PagingView */,
				3775361722234238005EE5FE /* Main.storyboard */,
				373776132A861830000F4551 /* MainViewController.swift */,
			);
			path = MainViewController;
			sourceTree = "<group>";
		};
		B0D87BD72A8A954600292F07 /* Base */ = {
			isa = PBXGroup;
			children = (
				B0D87BD82A8A955C00292F07 /* BaseViewController.swift */,
			);
			path = Base;
			sourceTree = "<group>";
		};
/* End PBXGroup section */

/* Begin PBXNativeTarget section */
		3775360F22234238005EE5FE /* iOSTemplate */ = {
			isa = PBXNativeTarget;
			buildConfigurationList = 3775363822234239005EE5FE /* Build configuration list for PBXNativeTarget "iOSTemplate" */;
			buildPhases = (
				7DBB07AF00D0DF145DBE591B /* [CP] Check Pods Manifest.lock */,
				3775360C22234238005EE5FE /* Sources */,
				3775360D22234238005EE5FE /* Frameworks */,
				3775360E22234238005EE5FE /* Resources */,
				0B8C238957A62FEA521A0E8A /* [CP] Embed Pods Frameworks */,
			);
			buildRules = (
			);
			dependencies = (
			);
			name = iOSTemplate;
			productName = iOSTemplate;
			productReference = 3775361022234238005EE5FE /* iOSTemplate.app */;
			productType = "com.apple.product-type.application";
		};
		3775362322234238005EE5FE /* iOSTemplateTests */ = {
			isa = PBXNativeTarget;
			buildConfigurationList = 3775363B22234239005EE5FE /* Build configuration list for PBXNativeTarget "iOSTemplateTests" */;
			buildPhases = (
				D88C2E068EC2B5304EC4883B /* [CP] Check Pods Manifest.lock */,
				3775362022234238005EE5FE /* Sources */,
				3775362122234238005EE5FE /* Frameworks */,
				3775362222234238005EE5FE /* Resources */,
			);
			buildRules = (
			);
			dependencies = (
				3775362622234238005EE5FE /* PBXTargetDependency */,
			);
			name = iOSTemplateTests;
			productName = iOSTemplateTests;
			productReference = 3775362422234238005EE5FE /* iOSTemplateTests.xctest */;
			productType = "com.apple.product-type.bundle.unit-test";
		};
		3775362E22234239005EE5FE /* iOSTemplateUITests */ = {
			isa = PBXNativeTarget;
			buildConfigurationList = 3775363E22234239005EE5FE /* Build configuration list for PBXNativeTarget "iOSTemplateUITests" */;
			buildPhases = (
				685A87CB0CDA21956C4D5B3E /* [CP] Check Pods Manifest.lock */,
				3775362B22234239005EE5FE /* Sources */,
				3775362C22234239005EE5FE /* Frameworks */,
				3775362D22234239005EE5FE /* Resources */,
				91760872E4638EF33E2188DC /* [CP] Embed Pods Frameworks */,
			);
			buildRules = (
			);
			dependencies = (
				3775363122234239005EE5FE /* PBXTargetDependency */,
			);
			name = iOSTemplateUITests;
			productName = iOSTemplateUITests;
			productReference = 3775362F22234239005EE5FE /* iOSTemplateUITests.xctest */;
			productType = "com.apple.product-type.bundle.ui-testing";
		};
/* End PBXNativeTarget section */

/* Begin PBXProject section */
		3775360822234238005EE5FE /* Project object */ = {
			isa = PBXProject;
			attributes = {
				LastSwiftUpdateCheck = 1010;
				LastUpgradeCheck = 1010;
				TargetAttributes = {
					3775360F22234238005EE5FE = {
						CreatedOnToolsVersion = 10.1;
					};
					3775362322234238005EE5FE = {
						CreatedOnToolsVersion = 10.1;
						TestTargetID = 3775360F22234238005EE5FE;
					};
					3775362E22234239005EE5FE = {
						CreatedOnToolsVersion = 10.1;
						TestTargetID = 3775360F22234238005EE5FE;
					};
				};
			};
			buildConfigurationList = 3775360B22234238005EE5FE /* Build configuration list for PBXProject "iOSTemplate" */;
			compatibilityVersion = "Xcode 9.3";
			developmentRegion = en;
			hasScannedForEncodings = 0;
			knownRegions = (
				en,
				Base,
			);
			mainGroup = 3775360722234238005EE5FE;
			productRefGroup = 3775361122234238005EE5FE /* Products */;
			projectDirPath = "";
			projectRoot = "";
			targets = (
				3775360F22234238005EE5FE /* iOSTemplate */,
				3775362322234238005EE5FE /* iOSTemplateTests */,
				3775362E22234239005EE5FE /* iOSTemplateUITests */,
			);
		};
/* End PBXProject section */

/* Begin PBXResourcesBuildPhase section */
		3775360E22234238005EE5FE /* Resources */ = {
			isa = PBXResourcesBuildPhase;
			buildActionMask = 2147483647;
			files = (
				373D96492A864081009C1F53 /* DetailPetViewController.xib in Resources */,
				3775361E22234238005EE5FE /* LaunchScreen.storyboard in Resources */,
				3775361B22234238005EE5FE /* Assets.xcassets in Resources */,
				373D96442A8633B4009C1F53 /* PetTableCell.xib in Resources */,
				37EB35952A8B7A31000753E8 /* ListPostViewController.xib in Resources */,
				373D964E2A8644F4009C1F53 /* AddPetViewController.xib in Resources */,
				373D96542A89C263009C1F53 /* LoginViewController.xib in Resources */,
				37EB359C2A8B855E000753E8 /* PagingItemView.xib in Resources */,
				3775361922234238005EE5FE /* Main.storyboard in Resources */,
			);
			runOnlyForDeploymentPostprocessing = 0;
		};
		3775362222234238005EE5FE /* Resources */ = {
			isa = PBXResourcesBuildPhase;
			buildActionMask = 2147483647;
			files = (
			);
			runOnlyForDeploymentPostprocessing = 0;
		};
		3775362D22234239005EE5FE /* Resources */ = {
			isa = PBXResourcesBuildPhase;
			buildActionMask = 2147483647;
			files = (
			);
			runOnlyForDeploymentPostprocessing = 0;
		};
/* End PBXResourcesBuildPhase section */

/* Begin PBXShellScriptBuildPhase section */
		0B8C238957A62FEA521A0E8A /* [CP] Embed Pods Frameworks */ = {
			isa = PBXShellScriptBuildPhase;
			buildActionMask = 2147483647;
			files = (
			);
			inputFileListPaths = (
				"${PODS_ROOT}/Target Support Files/Pods-iOSTemplate/Pods-iOSTemplate-frameworks-${CONFIGURATION}-input-files.xcfilelist",
			);
			name = "[CP] Embed Pods Frameworks";
			outputFileListPaths = (
				"${PODS_ROOT}/Target Support Files/Pods-iOSTemplate/Pods-iOSTemplate-frameworks-${CONFIGURATION}-output-files.xcfilelist",
			);
			runOnlyForDeploymentPostprocessing = 0;
			shellPath = /bin/sh;
			shellScript = "\"${PODS_ROOT}/Target Support Files/Pods-iOSTemplate/Pods-iOSTemplate-frameworks.sh\"\n";
			showEnvVarsInLog = 0;
		};
		685A87CB0CDA21956C4D5B3E /* [CP] Check Pods Manifest.lock */ = {
			isa = PBXShellScriptBuildPhase;
			buildActionMask = 2147483647;
			files = (
			);
			inputFileListPaths = (
			);
			inputPaths = (
				"${PODS_PODFILE_DIR_PATH}/Podfile.lock",
				"${PODS_ROOT}/Manifest.lock",
			);
			name = "[CP] Check Pods Manifest.lock";
			outputFileListPaths = (
			);
			outputPaths = (
				"$(DERIVED_FILE_DIR)/Pods-iOSTemplate-iOSTemplateUITests-checkManifestLockResult.txt",
			);
			runOnlyForDeploymentPostprocessing = 0;
			shellPath = /bin/sh;
			shellScript = "diff \"${PODS_PODFILE_DIR_PATH}/Podfile.lock\" \"${PODS_ROOT}/Manifest.lock\" > /dev/null\nif [ $? != 0 ] ; then\n    # print error to STDERR\n    echo \"error: The sandbox is not in sync with the Podfile.lock. Run 'pod install' or update your CocoaPods installation.\" >&2\n    exit 1\nfi\n# This output is used by Xcode 'outputs' to avoid re-running this script phase.\necho \"SUCCESS\" > \"${SCRIPT_OUTPUT_FILE_0}\"\n";
			showEnvVarsInLog = 0;
		};
		7DBB07AF00D0DF145DBE591B /* [CP] Check Pods Manifest.lock */ = {
			isa = PBXShellScriptBuildPhase;
			buildActionMask = 2147483647;
			files = (
			);
			inputFileListPaths = (
			);
			inputPaths = (
				"${PODS_PODFILE_DIR_PATH}/Podfile.lock",
				"${PODS_ROOT}/Manifest.lock",
			);
			name = "[CP] Check Pods Manifest.lock";
			outputFileListPaths = (
			);
			outputPaths = (
				"$(DERIVED_FILE_DIR)/Pods-iOSTemplate-checkManifestLockResult.txt",
			);
			runOnlyForDeploymentPostprocessing = 0;
			shellPath = /bin/sh;
			shellScript = "diff \"${PODS_PODFILE_DIR_PATH}/Podfile.lock\" \"${PODS_ROOT}/Manifest.lock\" > /dev/null\nif [ $? != 0 ] ; then\n    # print error to STDERR\n    echo \"error: The sandbox is not in sync with the Podfile.lock. Run 'pod install' or update your CocoaPods installation.\" >&2\n    exit 1\nfi\n# This output is used by Xcode 'outputs' to avoid re-running this script phase.\necho \"SUCCESS\" > \"${SCRIPT_OUTPUT_FILE_0}\"\n";
			showEnvVarsInLog = 0;
		};
		91760872E4638EF33E2188DC /* [CP] Embed Pods Frameworks */ = {
			isa = PBXShellScriptBuildPhase;
			buildActionMask = 2147483647;
			files = (
			);
			inputFileListPaths = (
				"${PODS_ROOT}/Target Support Files/Pods-iOSTemplate-iOSTemplateUITests/Pods-iOSTemplate-iOSTemplateUITests-frameworks-${CONFIGURATION}-input-files.xcfilelist",
			);
			name = "[CP] Embed Pods Frameworks";
			outputFileListPaths = (
				"${PODS_ROOT}/Target Support Files/Pods-iOSTemplate-iOSTemplateUITests/Pods-iOSTemplate-iOSTemplateUITests-frameworks-${CONFIGURATION}-output-files.xcfilelist",
			);
			runOnlyForDeploymentPostprocessing = 0;
			shellPath = /bin/sh;
			shellScript = "\"${PODS_ROOT}/Target Support Files/Pods-iOSTemplate-iOSTemplateUITests/Pods-iOSTemplate-iOSTemplateUITests-frameworks.sh\"\n";
			showEnvVarsInLog = 0;
		};
		D88C2E068EC2B5304EC4883B /* [CP] Check Pods Manifest.lock */ = {
			isa = PBXShellScriptBuildPhase;
			buildActionMask = 2147483647;
			files = (
			);
			inputFileListPaths = (
			);
			inputPaths = (
				"${PODS_PODFILE_DIR_PATH}/Podfile.lock",
				"${PODS_ROOT}/Manifest.lock",
			);
			name = "[CP] Check Pods Manifest.lock";
			outputFileListPaths = (
			);
			outputPaths = (
				"$(DERIVED_FILE_DIR)/Pods-iOSTemplateTests-checkManifestLockResult.txt",
			);
			runOnlyForDeploymentPostprocessing = 0;
			shellPath = /bin/sh;
			shellScript = "diff \"${PODS_PODFILE_DIR_PATH}/Podfile.lock\" \"${PODS_ROOT}/Manifest.lock\" > /dev/null\nif [ $? != 0 ] ; then\n    # print error to STDERR\n    echo \"error: The sandbox is not in sync with the Podfile.lock. Run 'pod install' or update your CocoaPods installation.\" >&2\n    exit 1\nfi\n# This output is used by Xcode 'outputs' to avoid re-running this script phase.\necho \"SUCCESS\" > \"${SCRIPT_OUTPUT_FILE_0}\"\n";
			showEnvVarsInLog = 0;
		};
/* End PBXShellScriptBuildPhase section */

/* Begin PBXSourcesBuildPhase section */
		3775360C22234238005EE5FE /* Sources */ = {
			isa = PBXSourcesBuildPhase;
			buildActionMask = 2147483647;
			files = (
				373D96432A8633B4009C1F53 /* PetTableCell.swift in Sources */,
				373D96582A89C83E009C1F53 /* LoginEntity.swift in Sources */,
				373776122A85EA6B000F4551 /* DependencyContainer.swift in Sources */,
				378ADA122A8A1D95003D4E8C /* AppConstant.swift in Sources */,
				373D96482A864081009C1F53 /* DetailPetViewController.swift in Sources */,
				37EB35982A8B8503000753E8 /* PagingItemView.swift in Sources */,
				37EB35942A8B7A31000753E8 /* ListPostViewController.swift in Sources */,
				3775361422234238005EE5FE /* AppDelegate.swift in Sources */,
				B0D87BD62A8A796500292F07 /* BaseViewModal.swift in Sources */,
				378ADA162A8A2481003D4E8C /* AppError.swift in Sources */,
				373776142A861830000F4551 /* MainViewController.swift in Sources */,
				373D964D2A8644F4009C1F53 /* AddPetViewController.swift in Sources */,
				B01E686B2A8B94FD007D48DE /* UIView+Extension.swift in Sources */,
				373776102A85E7F1000F4551 /* MainViewModel.swift in Sources */,
				378ADA142A8A212D003D4E8C /* PostEntity.swift in Sources */,
				373D96532A89C263009C1F53 /* LoginViewController.swift in Sources */,
				B0D87BD92A8A955C00292F07 /* BaseViewController.swift in Sources */,
				3737760A2A85DA95000F4551 /* BaseCallApi.swift in Sources */,
				B01E686F2A8BA67F007D48DE /* UIViewController+Extension.swift in Sources */,
				B01E686D2A8B9C58007D48DE /* UIApplication+Extension.swift in Sources */,
				373D96562A89C3FF009C1F53 /* LoginViewModel.swift in Sources */,
			);
			runOnlyForDeploymentPostprocessing = 0;
		};
		3775362022234238005EE5FE /* Sources */ = {
			isa = PBXSourcesBuildPhase;
			buildActionMask = 2147483647;
			files = (
				3775362922234238005EE5FE /* iOSTemplateTests.swift in Sources */,
			);
			runOnlyForDeploymentPostprocessing = 0;
		};
		3775362B22234239005EE5FE /* Sources */ = {
			isa = PBXSourcesBuildPhase;
			buildActionMask = 2147483647;
			files = (
				3775363422234239005EE5FE /* iOSTemplateUITests.swift in Sources */,
			);
			runOnlyForDeploymentPostprocessing = 0;
		};
/* End PBXSourcesBuildPhase section */

/* Begin PBXTargetDependency section */
		3775362622234238005EE5FE /* PBXTargetDependency */ = {
			isa = PBXTargetDependency;
			target = 3775360F22234238005EE5FE /* iOSTemplate */;
			targetProxy = 3775362522234238005EE5FE /* PBXContainerItemProxy */;
		};
		3775363122234239005EE5FE /* PBXTargetDependency */ = {
			isa = PBXTargetDependency;
			target = 3775360F22234238005EE5FE /* iOSTemplate */;
			targetProxy = 3775363022234239005EE5FE /* PBXContainerItemProxy */;
		};
/* End PBXTargetDependency section */

/* Begin PBXVariantGroup section */
		3775361722234238005EE5FE /* Main.storyboard */ = {
			isa = PBXVariantGroup;
			children = (
				3775361822234238005EE5FE /* Base */,
			);
			name = Main.storyboard;
			sourceTree = "<group>";
		};
		3775361C22234238005EE5FE /* LaunchScreen.storyboard */ = {
			isa = PBXVariantGroup;
			children = (
				3775361D22234238005EE5FE /* Base */,
			);
			name = LaunchScreen.storyboard;
			sourceTree = "<group>";
		};
/* End PBXVariantGroup section */

/* Begin XCBuildConfiguration section */
		3775363622234239005EE5FE /* Debug */ = {
			isa = XCBuildConfiguration;
			buildSettings = {
				ALWAYS_SEARCH_USER_PATHS = NO;
				CLANG_ANALYZER_NONNULL = YES;
				CLANG_ANALYZER_NUMBER_OBJECT_CONVERSION = YES_AGGRESSIVE;
				CLANG_CXX_LANGUAGE_STANDARD = "gnu++14";
				CLANG_CXX_LIBRARY = "libc++";
				CLANG_ENABLE_MODULES = YES;
				CLANG_ENABLE_OBJC_ARC = YES;
				CLANG_ENABLE_OBJC_WEAK = YES;
				CLANG_WARN_BLOCK_CAPTURE_AUTORELEASING = YES;
				CLANG_WARN_BOOL_CONVERSION = YES;
				CLANG_WARN_COMMA = YES;
				CLANG_WARN_CONSTANT_CONVERSION = YES;
				CLANG_WARN_DEPRECATED_OBJC_IMPLEMENTATIONS = YES;
				CLANG_WARN_DIRECT_OBJC_ISA_USAGE = YES_ERROR;
				CLANG_WARN_DOCUMENTATION_COMMENTS = YES;
				CLANG_WARN_EMPTY_BODY = YES;
				CLANG_WARN_ENUM_CONVERSION = YES;
				CLANG_WARN_INFINITE_RECURSION = YES;
				CLANG_WARN_INT_CONVERSION = YES;
				CLANG_WARN_NON_LITERAL_NULL_CONVERSION = YES;
				CLANG_WARN_OBJC_IMPLICIT_RETAIN_SELF = YES;
				CLANG_WARN_OBJC_LITERAL_CONVERSION = YES;
				CLANG_WARN_OBJC_ROOT_CLASS = YES_ERROR;
				CLANG_WARN_RANGE_LOOP_ANALYSIS = YES;
				CLANG_WARN_STRICT_PROTOTYPES = YES;
				CLANG_WARN_SUSPICIOUS_MOVE = YES;
				CLANG_WARN_UNGUARDED_AVAILABILITY = YES_AGGRESSIVE;
				CLANG_WARN_UNREACHABLE_CODE = YES;
				CLANG_WARN__DUPLICATE_METHOD_MATCH = YES;
				CODE_SIGN_IDENTITY = "iPhone Developer";
				COPY_PHASE_STRIP = NO;
				DEBUG_INFORMATION_FORMAT = dwarf;
				ENABLE_STRICT_OBJC_MSGSEND = YES;
				ENABLE_TESTABILITY = YES;
				GCC_C_LANGUAGE_STANDARD = gnu11;
				GCC_DYNAMIC_NO_PIC = NO;
				GCC_NO_COMMON_BLOCKS = YES;
				GCC_OPTIMIZATION_LEVEL = 0;
				GCC_PREPROCESSOR_DEFINITIONS = (
					"DEBUG=1",
					"$(inherited)",
				);
				GCC_WARN_64_TO_32_BIT_CONVERSION = YES;
				GCC_WARN_ABOUT_RETURN_TYPE = YES_ERROR;
				GCC_WARN_UNDECLARED_SELECTOR = YES;
				GCC_WARN_UNINITIALIZED_AUTOS = YES_AGGRESSIVE;
				GCC_WARN_UNUSED_FUNCTION = YES;
				GCC_WARN_UNUSED_VARIABLE = YES;
				IPHONEOS_DEPLOYMENT_TARGET = 12.1;
				MTL_ENABLE_DEBUG_INFO = INCLUDE_SOURCE;
				MTL_FAST_MATH = YES;
				ONLY_ACTIVE_ARCH = YES;
				SDKROOT = iphoneos;
				SWIFT_ACTIVE_COMPILATION_CONDITIONS = DEBUG;
				SWIFT_OPTIMIZATION_LEVEL = "-Onone";
			};
			name = Debug;
		};
		3775363722234239005EE5FE /* Release */ = {
			isa = XCBuildConfiguration;
			buildSettings = {
				ALWAYS_SEARCH_USER_PATHS = NO;
				CLANG_ANALYZER_NONNULL = YES;
				CLANG_ANALYZER_NUMBER_OBJECT_CONVERSION = YES_AGGRESSIVE;
				CLANG_CXX_LANGUAGE_STANDARD = "gnu++14";
				CLANG_CXX_LIBRARY = "libc++";
				CLANG_ENABLE_MODULES = YES;
				CLANG_ENABLE_OBJC_ARC = YES;
				CLANG_ENABLE_OBJC_WEAK = YES;
				CLANG_WARN_BLOCK_CAPTURE_AUTORELEASING = YES;
				CLANG_WARN_BOOL_CONVERSION = YES;
				CLANG_WARN_COMMA = YES;
				CLANG_WARN_CONSTANT_CONVERSION = YES;
				CLANG_WARN_DEPRECATED_OBJC_IMPLEMENTATIONS = YES;
				CLANG_WARN_DIRECT_OBJC_ISA_USAGE = YES_ERROR;
				CLANG_WARN_DOCUMENTATION_COMMENTS = YES;
				CLANG_WARN_EMPTY_BODY = YES;
				CLANG_WARN_ENUM_CONVERSION = YES;
				CLANG_WARN_INFINITE_RECURSION = YES;
				CLANG_WARN_INT_CONVERSION = YES;
				CLANG_WARN_NON_LITERAL_NULL_CONVERSION = YES;
				CLANG_WARN_OBJC_IMPLICIT_RETAIN_SELF = YES;
				CLANG_WARN_OBJC_LITERAL_CONVERSION = YES;
				CLANG_WARN_OBJC_ROOT_CLASS = YES_ERROR;
				CLANG_WARN_RANGE_LOOP_ANALYSIS = YES;
				CLANG_WARN_STRICT_PROTOTYPES = YES;
				CLANG_WARN_SUSPICIOUS_MOVE = YES;
				CLANG_WARN_UNGUARDED_AVAILABILITY = YES_AGGRESSIVE;
				CLANG_WARN_UNREACHABLE_CODE = YES;
				CLANG_WARN__DUPLICATE_METHOD_MATCH = YES;
				CODE_SIGN_IDENTITY = "iPhone Developer";
				COPY_PHASE_STRIP = NO;
				DEBUG_INFORMATION_FORMAT = "dwarf-with-dsym";
				ENABLE_NS_ASSERTIONS = NO;
				ENABLE_STRICT_OBJC_MSGSEND = YES;
				GCC_C_LANGUAGE_STANDARD = gnu11;
				GCC_NO_COMMON_BLOCKS = YES;
				GCC_WARN_64_TO_32_BIT_CONVERSION = YES;
				GCC_WARN_ABOUT_RETURN_TYPE = YES_ERROR;
				GCC_WARN_UNDECLARED_SELECTOR = YES;
				GCC_WARN_UNINITIALIZED_AUTOS = YES_AGGRESSIVE;
				GCC_WARN_UNUSED_FUNCTION = YES;
				GCC_WARN_UNUSED_VARIABLE = YES;
				IPHONEOS_DEPLOYMENT_TARGET = 12.1;
				MTL_ENABLE_DEBUG_INFO = NO;
				MTL_FAST_MATH = YES;
				SDKROOT = iphoneos;
				SWIFT_COMPILATION_MODE = wholemodule;
				SWIFT_OPTIMIZATION_LEVEL = "-O";
				VALIDATE_PRODUCT = YES;
			};
			name = Release;
		};
		3775363922234239005EE5FE /* Debug */ = {
			isa = XCBuildConfiguration;
			baseConfigurationReference = D8A701869D2A95FC8E6AB1E7 /* Pods-iOSTemplate.debug.xcconfig */;
			buildSettings = {
				ASSETCATALOG_COMPILER_APPICON_NAME = AppIcon;
				CODE_SIGN_STYLE = Automatic;
				INFOPLIST_FILE = iOSTemplate/Info.plist;
				IPHONEOS_DEPLOYMENT_TARGET = 11.0;
				LD_RUNPATH_SEARCH_PATHS = (
					"$(inherited)",
					"@executable_path/Frameworks",
				);
				PRODUCT_BUNDLE_IDENTIFIER = com.example.iOSTemplate;
				PRODUCT_NAME = "$(TARGET_NAME)";
				SWIFT_VERSION = 4.2;
				TARGETED_DEVICE_FAMILY = "1,2";
			};
			name = Debug;
		};
		3775363A22234239005EE5FE /* Release */ = {
			isa = XCBuildConfiguration;
			baseConfigurationReference = D7EE53F22720E99B577B5FD2 /* Pods-iOSTemplate.release.xcconfig */;
			buildSettings = {
				ASSETCATALOG_COMPILER_APPICON_NAME = AppIcon;
				CODE_SIGN_STYLE = Automatic;
				INFOPLIST_FILE = iOSTemplate/Info.plist;
				IPHONEOS_DEPLOYMENT_TARGET = 11.0;
				LD_RUNPATH_SEARCH_PATHS = (
					"$(inherited)",
					"@executable_path/Frameworks",
				);
				PRODUCT_BUNDLE_IDENTIFIER = com.example.iOSTemplate;
				PRODUCT_NAME = "$(TARGET_NAME)";
				SWIFT_VERSION = 4.2;
				TARGETED_DEVICE_FAMILY = "1,2";
			};
			name = Release;
		};
		3775363C22234239005EE5FE /* Debug */ = {
			isa = XCBuildConfiguration;
			baseConfigurationReference = 3BB9BA8AA6FD2CF287D885D6 /* Pods-iOSTemplateTests.debug.xcconfig */;
			buildSettings = {
				ALWAYS_EMBED_SWIFT_STANDARD_LIBRARIES = YES;
				BUNDLE_LOADER = "$(TEST_HOST)";
				CODE_SIGN_STYLE = Automatic;
				INFOPLIST_FILE = iOSTemplateTests/Info.plist;
				LD_RUNPATH_SEARCH_PATHS = (
					"$(inherited)",
					"@executable_path/Frameworks",
					"@loader_path/Frameworks",
				);
				PRODUCT_BUNDLE_IDENTIFIER = com.example.iOSTemplateTests;
				PRODUCT_NAME = "$(TARGET_NAME)";
				SWIFT_VERSION = 4.2;
				TARGETED_DEVICE_FAMILY = "1,2";
				TEST_HOST = "$(BUILT_PRODUCTS_DIR)/iOSTemplate.app/iOSTemplate";
			};
			name = Debug;
		};
		3775363D22234239005EE5FE /* Release */ = {
			isa = XCBuildConfiguration;
			baseConfigurationReference = 5BBBBFA2E962A6A2052A5799 /* Pods-iOSTemplateTests.release.xcconfig */;
			buildSettings = {
				ALWAYS_EMBED_SWIFT_STANDARD_LIBRARIES = YES;
				BUNDLE_LOADER = "$(TEST_HOST)";
				CODE_SIGN_STYLE = Automatic;
				INFOPLIST_FILE = iOSTemplateTests/Info.plist;
				LD_RUNPATH_SEARCH_PATHS = (
					"$(inherited)",
					"@executable_path/Frameworks",
					"@loader_path/Frameworks",
				);
				PRODUCT_BUNDLE_IDENTIFIER = com.example.iOSTemplateTests;
				PRODUCT_NAME = "$(TARGET_NAME)";
				SWIFT_VERSION = 4.2;
				TARGETED_DEVICE_FAMILY = "1,2";
				TEST_HOST = "$(BUILT_PRODUCTS_DIR)/iOSTemplate.app/iOSTemplate";
			};
			name = Release;
		};
		3775363F22234239005EE5FE /* Debug */ = {
			isa = XCBuildConfiguration;
			baseConfigurationReference = E76CF926D693F603B04AA645 /* Pods-iOSTemplate-iOSTemplateUITests.debug.xcconfig */;
			buildSettings = {
				ALWAYS_EMBED_SWIFT_STANDARD_LIBRARIES = YES;
				CODE_SIGN_STYLE = Automatic;
				INFOPLIST_FILE = iOSTemplateUITests/Info.plist;
				LD_RUNPATH_SEARCH_PATHS = (
					"$(inherited)",
					"@executable_path/Frameworks",
					"@loader_path/Frameworks",
				);
				PRODUCT_BUNDLE_IDENTIFIER = com.example.iOSTemplateUITests;
				PRODUCT_NAME = "$(TARGET_NAME)";
				SWIFT_VERSION = 4.2;
				TARGETED_DEVICE_FAMILY = "1,2";
				TEST_TARGET_NAME = iOSTemplate;
			};
			name = Debug;
		};
		3775364022234239005EE5FE /* Release */ = {
			isa = XCBuildConfiguration;
			baseConfigurationReference = 4B5B7AEF7C35EAC8E4D0AAD4 /* Pods-iOSTemplate-iOSTemplateUITests.release.xcconfig */;
			buildSettings = {
				ALWAYS_EMBED_SWIFT_STANDARD_LIBRARIES = YES;
				CODE_SIGN_STYLE = Automatic;
				INFOPLIST_FILE = iOSTemplateUITests/Info.plist;
				LD_RUNPATH_SEARCH_PATHS = (
					"$(inherited)",
					"@executable_path/Frameworks",
					"@loader_path/Frameworks",
				);
				PRODUCT_BUNDLE_IDENTIFIER = com.example.iOSTemplateUITests;
				PRODUCT_NAME = "$(TARGET_NAME)";
				SWIFT_VERSION = 4.2;
				TARGETED_DEVICE_FAMILY = "1,2";
				TEST_TARGET_NAME = iOSTemplate;
			};
			name = Release;
		};
/* End XCBuildConfiguration section */

/* Begin XCConfigurationList section */
		3775360B22234238005EE5FE /* Build configuration list for PBXProject "iOSTemplate" */ = {
			isa = XCConfigurationList;
			buildConfigurations = (
				3775363622234239005EE5FE /* Debug */,
				3775363722234239005EE5FE /* Release */,
			);
			defaultConfigurationIsVisible = 0;
			defaultConfigurationName = Release;
		};
		3775363822234239005EE5FE /* Build configuration list for PBXNativeTarget "iOSTemplate" */ = {
			isa = XCConfigurationList;
			buildConfigurations = (
				3775363922234239005EE5FE /* Debug */,
				3775363A22234239005EE5FE /* Release */,
			);
			defaultConfigurationIsVisible = 0;
			defaultConfigurationName = Release;
		};
		3775363B22234239005EE5FE /* Build configuration list for PBXNativeTarget "iOSTemplateTests" */ = {
			isa = XCConfigurationList;
			buildConfigurations = (
				3775363C22234239005EE5FE /* Debug */,
				3775363D22234239005EE5FE /* Release */,
			);
			defaultConfigurationIsVisible = 0;
			defaultConfigurationName = Release;
		};
		3775363E22234239005EE5FE /* Build configuration list for PBXNativeTarget "iOSTemplateUITests" */ = {
			isa = XCConfigurationList;
			buildConfigurations = (
				3775363F22234239005EE5FE /* Debug */,
				3775364022234239005EE5FE /* Release */,
			);
			defaultConfigurationIsVisible = 0;
			defaultConfigurationName = Release;
		};
/* End XCConfigurationList section */
	};
	rootObject = 3775360822234238005EE5FE /* Project object */;
}
